// !$*UTF8*$!
{
	archiveVersion = 1;
	classes = {
	};
	objectVersion = 46;
	objects = {

/* Begin PBXBuildFile section */
		6044AFB31F68BCA20062158B /* AppDelegate.swift in Sources */ = {isa = PBXBuildFile; fileRef = 6044AFB21F68BCA20062158B /* AppDelegate.swift */; };
		6044AFB51F68BCA20062158B /* ViewController.swift in Sources */ = {isa = PBXBuildFile; fileRef = 6044AFB41F68BCA20062158B /* ViewController.swift */; };
		6044AFB81F68BCA20062158B /* Main.storyboard in Resources */ = {isa = PBXBuildFile; fileRef = 6044AFB61F68BCA20062158B /* Main.storyboard */; };
		6044AFBA1F68BCA20062158B /* Assets.xcassets in Resources */ = {isa = PBXBuildFile; fileRef = 6044AFB91F68BCA20062158B /* Assets.xcassets */; };
		6044AFBD1F68BCA20062158B /* LaunchScreen.storyboard in Resources */ = {isa = PBXBuildFile; fileRef = 6044AFBB1F68BCA20062158B /* LaunchScreen.storyboard */; };
		6044AFC81F68BCA30062158B /* swiftTestTests.swift in Sources */ = {isa = PBXBuildFile; fileRef = 6044AFC71F68BCA30062158B /* swiftTestTests.swift */; };
		6044AFD31F68BCA30062158B /* swiftTestUITests.swift in Sources */ = {isa = PBXBuildFile; fileRef = 6044AFD21F68BCA30062158B /* swiftTestUITests.swift */; };
/* End PBXBuildFile section */

/* Begin PBXContainerItemProxy section */
		6044AFC41F68BCA30062158B /* PBXContainerItemProxy */ = {
			isa = PBXContainerItemProxy;
			containerPortal = 6044AFA71F68BCA20062158B /* Project object */;
			proxyType = 1;
			remoteGlobalIDString = 6044AFAE1F68BCA20062158B;
			remoteInfo = swiftTest;
		};
		6044AFCF1F68BCA30062158B /* PBXContainerItemProxy */ = {
			isa = PBXContainerItemProxy;
			containerPortal = 6044AFA71F68BCA20062158B /* Project object */;
			proxyType = 1;
			remoteGlobalIDString = 6044AFAE1F68BCA20062158B;
			remoteInfo = swiftTest;
		};
/* End PBXContainerItemProxy section */

/* Begin PBXFileReference section */
		6044AFAF1F68BCA20062158B /* swiftTest.app */ = {isa = PBXFileReference; explicitFileType = wrapper.application; includeInIndex = 0; path = swiftTest.app; sourceTree = BUILT_PRODUCTS_DIR; };
		6044AFB21F68BCA20062158B /* AppDelegate.swift */ = {isa = PBXFileReference; lastKnownFileType = sourcecode.swift; path = AppDelegate.swift; sourceTree = "<group>"; };
		6044AFB41F68BCA20062158B /* ViewController.swift */ = {isa = PBXFileReference; lastKnownFileType = sourcecode.swift; path = ViewController.swift; sourceTree = "<group>"; };
		6044AFB71F68BCA20062158B /* Base */ = {isa = PBXFileReference; lastKnownFileType = file.storyboard; name = Base; path = Base.lproj/Main.storyboard; sourceTree = "<group>"; };
		6044AFB91F68BCA20062158B /* Assets.xcassets */ = {isa = PBXFileReference; lastKnownFileType = folder.assetcatalog; path = Assets.xcassets; sourceTree = "<group>"; };
		6044AFBC1F68BCA20062158B /* Base */ = {isa = PBXFileReference; lastKnownFileType = file.storyboard; name = Base; path = Base.lproj/LaunchScreen.storyboard; sourceTree = "<group>"; };
		6044AFBE1F68BCA20062158B /* Info.plist */ = {isa = PBXFileReference; lastKnownFileType = text.plist.xml; path = Info.plist; sourceTree = "<group>"; };
		6044AFC31F68BCA30062158B /* swiftTestTests.xctest */ = {isa = PBXFileReference; explicitFileType = wrapper.cfbundle; includeInIndex = 0; path = swiftTestTests.xctest; sourceTree = BUILT_PRODUCTS_DIR; };
		6044AFC71F68BCA30062158B /* swiftTestTests.swift */ = {isa = PBXFileReference; lastKnownFileType = sourcecode.swift; path = swiftTestTests.swift; sourceTree = "<group>"; };
		6044AFC91F68BCA30062158B /* Info.plist */ = {isa = PBXFileReference; lastKnownFileType = text.plist.xml; path = Info.plist; sourceTree = "<group>"; };
		6044AFCE1F68BCA30062158B /* swiftTestUITests.xctest */ = {isa = PBXFileReference; explicitFileType = wrapper.cfbundle; includeInIndex = 0; path = swiftTestUITests.xctest; sourceTree = BUILT_PRODUCTS_DIR; };
		6044AFD21F68BCA30062158B /* swiftTestUITests.swift */ = {isa = PBXFileReference; lastKnownFileType = sourcecode.swift; path = swiftTestUITests.swift; sourceTree = "<group>"; };
		6044AFD41F68BCA30062158B /* Info.plist */ = {isa = PBXFileReference; lastKnownFileType = text.plist.xml; path = Info.plist; sourceTree = "<group>"; };
/* End PBXFileReference section */

/* Begin PBXFrameworksBuildPhase section */
		6044AFAC1F68BCA20062158B /* Frameworks */ = {
			isa = PBXFrameworksBuildPhase;
			buildActionMask = 2147483647;
			files = (
			);
			runOnlyForDeploymentPostprocessing = 0;
		};
		6044AFC01F68BCA30062158B /* Frameworks */ = {
			isa = PBXFrameworksBuildPhase;
			buildActionMask = 2147483647;
			files = (
			);
			runOnlyForDeploymentPostprocessing = 0;
		};
		6044AFCB1F68BCA30062158B /* Frameworks */ = {
			isa = PBXFrameworksBuildPhase;
			buildActionMask = 2147483647;
			files = (
			);
			runOnlyForDeploymentPostprocessing = 0;
		};
/* End PBXFrameworksBuildPhase section */

/* Begin PBXGroup section */
		6044AFA61F68BCA20062158B = {
			isa = PBXGroup;
			children = (
				6044AFB11F68BCA20062158B /* swiftTest */,
				6044AFC61F68BCA30062158B /* swiftTestTests */,
				6044AFD11F68BCA30062158B /* swiftTestUITests */,
				6044AFB01F68BCA20062158B /* Products */,
			);
			sourceTree = "<group>";
		};
		6044AFB01F68BCA20062158B /* Products */ = {
			isa = PBXGroup;
			children = (
				6044AFAF1F68BCA20062158B /* swiftTest.app */,
				6044AFC31F68BCA30062158B /* swiftTestTests.xctest */,
				6044AFCE1F68BCA30062158B /* swiftTestUITests.xctest */,
			);
			name = Products;
			sourceTree = "<group>";
		};
		6044AFB11F68BCA20062158B /* swiftTest */ = {
			isa = PBXGroup;
			children = (
				6044AFB21F68BCA20062158B /* AppDelegate.swift */,
				6044AFB41F68BCA20062158B /* ViewController.swift */,
				6044AFB61F68BCA20062158B /* Main.storyboard */,
				6044AFB91F68BCA20062158B /* Assets.xcassets */,
				6044AFBB1F68BCA20062158B /* LaunchScreen.storyboard */,
				6044AFBE1F68BCA20062158B /* Info.plist */,
			);
			path = swiftTest;
			sourceTree = "<group>";
		};
		6044AFC61F68BCA30062158B /* swiftTestTests */ = {
			isa = PBXGroup;
			children = (
				6044AFC71F68BCA30062158B /* swiftTestTests.swift */,
				6044AFC91F68BCA30062158B /* Info.plist */,
			);
			path = swiftTestTests;
			sourceTree = "<group>";
		};
		6044AFD11F68BCA30062158B /* swiftTestUITests */ = {
			isa = PBXGroup;
			children = (
				6044AFD21F68BCA30062158B /* swiftTestUITests.swift */,
				6044AFD41F68BCA30062158B /* Info.plist */,
			);
			path = swiftTestUITests;
			sourceTree = "<group>";
		};
/* End PBXGroup section */

/* Begin PBXNativeTarget section */
		6044AFAE1F68BCA20062158B /* swiftTest */ = {
			isa = PBXNativeTarget;
			buildConfigurationList = 6044AFD71F68BCA30062158B /* Build configuration list for PBXNativeTarget "swiftTest" */;
			buildPhases = (
				6044AFAB1F68BCA20062158B /* Sources */,
				6044AFAC1F68BCA20062158B /* Frameworks */,
				6044AFAD1F68BCA20062158B /* Resources */,
			);
			buildRules = (
			);
			dependencies = (
			);
			name = swiftTest;
			productName = swiftTest;
			productReference = 6044AFAF1F68BCA20062158B /* swiftTest.app */;
			productType = "com.apple.product-type.application";
		};
		6044AFC21F68BCA30062158B /* swiftTestTests */ = {
			isa = PBXNativeTarget;
			buildConfigurationList = 6044AFDA1F68BCA30062158B /* Build configuration list for PBXNativeTarget "swiftTestTests" */;
			buildPhases = (
				6044AFBF1F68BCA30062158B /* Sources */,
				6044AFC01F68BCA30062158B /* Frameworks */,
				6044AFC11F68BCA30062158B /* Resources */,
			);
			buildRules = (
			);
			dependencies = (
				6044AFC51F68BCA30062158B /* PBXTargetDependency */,
			);
			name = swiftTestTests;
			productName = swiftTestTests;
			productReference = 6044AFC31F68BCA30062158B /* swiftTestTests.xctest */;
			productType = "com.apple.product-type.bundle.unit-test";
		};
		6044AFCD1F68BCA30062158B /* swiftTestUITests */ = {
			isa = PBXNativeTarget;
			buildConfigurationList = 6044AFDD1F68BCA30062158B /* Build configuration list for PBXNativeTarget "swiftTestUITests" */;
			buildPhases = (
				6044AFCA1F68BCA30062158B /* Sources */,
				6044AFCB1F68BCA30062158B /* Frameworks */,
				6044AFCC1F68BCA30062158B /* Resources */,
			);
			buildRules = (
			);
			dependencies = (
				6044AFD01F68BCA30062158B /* PBXTargetDependency */,
			);
			name = swiftTestUITests;
			productName = swiftTestUITests;
			productReference = 6044AFCE1F68BCA30062158B /* swiftTestUITests.xctest */;
			productType = "com.apple.product-type.bundle.ui-testing";
		};
/* End PBXNativeTarget section */

/* Begin PBXProject section */
		6044AFA71F68BCA20062158B /* Project object */ = {
			isa = PBXProject;
			attributes = {
				LastSwiftUpdateCheck = 0830;
				LastUpgradeCheck = 0830;
				ORGANIZATIONNAME = "肖朝阳";
				TargetAttributes = {
					6044AFAE1F68BCA20062158B = {
						CreatedOnToolsVersion = 8.3.3;
						ProvisioningStyle = Automatic;
					};
					6044AFC21F68BCA30062158B = {
						CreatedOnToolsVersion = 8.3.3;
						ProvisioningStyle = Automatic;
						TestTargetID = 6044AFAE1F68BCA20062158B;
					};
					6044AFCD1F68BCA30062158B = {
						CreatedOnToolsVersion = 8.3.3;
						ProvisioningStyle = Automatic;
						TestTargetID = 6044AFAE1F68BCA20062158B;
					};
				};
			};
			buildConfigurationList = 6044AFAA1F68BCA20062158B /* Build configuration list for PBXProject "swiftTest" */;
			compatibilityVersion = "Xcode 3.2";
			developmentRegion = English;
			hasScannedForEncodings = 0;
			knownRegions = (
				en,
				Base,
			);
			mainGroup = 6044AFA61F68BCA20062158B;
			productRefGroup = 6044AFB01F68BCA20062158B /* Products */;
			projectDirPath = "";
			projectRoot = "";
			targets = (
				6044AFAE1F68BCA20062158B /* swiftTest */,
				6044AFC21F68BCA30062158B /* swiftTestTests */,
				6044AFCD1F68BCA30062158B /* swiftTestUITests */,
			);
		};
/* End PBXProject section */

/* Begin PBXResourcesBuildPhase section */
		6044AFAD1F68BCA20062158B /* Resources */ = {
			isa = PBXResourcesBuildPhase;
			buildActionMask = 2147483647;
			files = (
				6044AFBD1F68BCA20062158B /* LaunchScreen.storyboard in Resources */,
				6044AFBA1F68BCA20062158B /* Assets.xcassets in Resources */,
				6044AFB81F68BCA20062158B /* Main.storyboard in Resources */,
			);
			runOnlyForDeploymentPostprocessing = 0;
		};
		6044AFC11F68BCA30062158B /* Resources */ = {
			isa = PBXResourcesBuildPhase;
			buildActionMask = 2147483647;
			files = (
			);
			runOnlyForDeploymentPostprocessing = 0;
		};
		6044AFCC1F68BCA30062158B /* Resources */ = {
			isa = PBXResourcesBuildPhase;
			buildActionMask = 2147483647;
			files = (
			);
			runOnlyForDeploymentPostprocessing = 0;
		};
/* End PBXResourcesBuildPhase section */

/* Begin PBXSourcesBuildPhase section */
		6044AFAB1F68BCA20062158B /* Sources */ = {
			isa = PBXSourcesBuildPhase;
			buildActionMask = 2147483647;
			files = (
				6044AFB51F68BCA20062158B /* ViewController.swift in Sources */,
				6044AFB31F68BCA20062158B /* AppDelegate.swift in Sources */,
			);
			runOnlyForDeploymentPostprocessing = 0;
		};
		6044AFBF1F68BCA30062158B /* Sources */ = {
			isa = PBXSourcesBuildPhase;
			buildActionMask = 2147483647;
			files = (
				6044AFC81F68BCA30062158B /* swiftTestTests.swift in Sources */,
			);
			runOnlyForDeploymentPostprocessing = 0;
		};
		6044AFCA1F68BCA30062158B /* Sources */ = {
			isa = PBXSourcesBuildPhase;
			buildActionMask = 2147483647;
			files = (
				6044AFD31F68BCA30062158B /* swiftTestUITests.swift in Sources */,
			);
			runOnlyForDeploymentPostprocessing = 0;
		};
/* End PBXSourcesBuildPhase section */

/* Begin PBXTargetDependency section */
		6044AFC51F68BCA30062158B /* PBXTargetDependency */ = {
			isa = PBXTargetDependency;
			target = 6044AFAE1F68BCA20062158B /* swiftTest */;
			targetProxy = 6044AFC41F68BCA30062158B /* PBXContainerItemProxy */;
		};
		6044AFD01F68BCA30062158B /* PBXTargetDependency */ = {
			isa = PBXTargetDependency;
			target = 6044AFAE1F68BCA20062158B /* swiftTest */;
			targetProxy = 6044AFCF1F68BCA30062158B /* PBXContainerItemProxy */;
		};
/* End PBXTargetDependency section */

/* Begin PBXVariantGroup section */
		6044AFB61F68BCA20062158B /* Main.storyboard */ = {
			isa = PBXVariantGroup;
			children = (
				6044AFB71F68BCA20062158B /* Base */,
			);
			name = Main.storyboard;
			sourceTree = "<group>";
		};
		6044AFBB1F68BCA20062158B /* LaunchScreen.storyboard */ = {
			isa = PBXVariantGroup;
			children = (
				6044AFBC1F68BCA20062158B /* Base */,
			);
			name = LaunchScreen.storyboard;
			sourceTree = "<group>";
		};
/* End PBXVariantGroup section */

/* Begin XCBuildConfiguration section */
		6044AFD51F68BCA30062158B /* Debug */ = {
			isa = XCBuildConfiguration;
			buildSettings = {
				ALWAYS_SEARCH_USER_PATHS = NO;
				CLANG_ANALYZER_NONNULL = YES;
				CLANG_ANALYZER_NUMBER_OBJECT_CONVERSION = YES_AGGRESSIVE;
				CLANG_CXX_LANGUAGE_STANDARD = "gnu++0x";
				CLANG_CXX_LIBRARY = "libc++";
				CLANG_ENABLE_MODULES = YES;
				CLANG_ENABLE_OBJC_ARC = YES;
				CLANG_WARN_BOOL_CONVERSION = YES;
				CLANG_WARN_CONSTANT_CONVERSION = YES;
				CLANG_WARN_DIRECT_OBJC_ISA_USAGE = YES_ERROR;
				CLANG_WARN_DOCUMENTATION_COMMENTS = YES;
				CLANG_WARN_EMPTY_BODY = YES;
				CLANG_WARN_ENUM_CONVERSION = YES;
				CLANG_WARN_INFINITE_RECURSION = YES;
				CLANG_WARN_INT_CONVERSION = YES;
				CLANG_WARN_OBJC_ROOT_CLASS = YES_ERROR;
				CLANG_WARN_SUSPICIOUS_MOVE = YES;
				CLANG_WARN_UNREACHABLE_CODE = YES;
				CLANG_WARN__DUPLICATE_METHOD_MATCH = YES;
				"CODE_SIGN_IDENTITY[sdk=iphoneos*]" = "iPhone Developer";
				COPY_PHASE_STRIP = NO;
				DEBUG_INFORMATION_FORMAT = dwarf;
				ENABLE_STRICT_OBJC_MSGSEND = YES;
				ENABLE_TESTABILITY = YES;
				GCC_C_LANGUAGE_STANDARD = gnu99;
				GCC_DYNAMIC_NO_PIC = NO;
				GCC_NO_COMMON_BLOCKS = YES;
				GCC_OPTIMIZATION_LEVEL = 0;
				GCC_PREPROCESSOR_DEFINITIONS = (
					"DEBUG=1",
					"$(inherited)",
				);
				GCC_WARN_64_TO_32_BIT_CONVERSION = YES;
				GCC_WARN_ABOUT_RETURN_TYPE = YES_ERROR;
				GCC_WARN_UNDECLARED_SELECTOR = YES;
				GCC_WARN_UNINITIALIZED_AUTOS = YES_AGGRESSIVE;
				GCC_WARN_UNUSED_FUNCTION = YES;
				GCC_WARN_UNUSED_VARIABLE = YES;
				IPHONEOS_DEPLOYMENT_TARGET = 10.3;
				MTL_ENABLE_DEBUG_INFO = YES;
				ONLY_ACTIVE_ARCH = YES;
				SDKROOT = iphoneos;
				SWIFT_ACTIVE_COMPILATION_CONDITIONS = DEBUG;
				SWIFT_OPTIMIZATION_LEVEL = "-Onone";
				TARGETED_DEVICE_FAMILY = "1,2";
			};
			name = Debug;
		};
		6044AFD61F68BCA30062158B /* Release */ = {
			isa = XCBuildConfiguration;
			buildSettings = {
				ALWAYS_SEARCH_USER_PATHS = NO;
				CLANG_ANALYZER_NONNULL = YES;
				CLANG_ANALYZER_NUMBER_OBJECT_CONVERSION = YES_AGGRESSIVE;
				CLANG_CXX_LANGUAGE_STANDARD = "gnu++0x";
				CLANG_CXX_LIBRARY = "libc++";
				CLANG_ENABLE_MODULES = YES;
				CLANG_ENABLE_OBJC_ARC = YES;
				CLANG_WARN_BOOL_CONVERSION = YES;
				CLANG_WARN_CONSTANT_CONVERSION = YES;
				CLANG_WARN_DIRECT_OBJC_ISA_USAGE = YES_ERROR;
				CLANG_WARN_DOCUMENTATION_COMMENTS = YES;
				CLANG_WARN_EMPTY_BODY = YES;
				CLANG_WARN_ENUM_CONVERSION = YES;
				CLANG_WARN_INFINITE_RECURSION = YES;
				CLANG_WARN_INT_CONVERSION = YES;
				CLANG_WARN_OBJC_ROOT_CLASS = YES_ERROR;
				CLANG_WARN_SUSPICIOUS_MOVE = YES;
				CLANG_WARN_UNREACHABLE_CODE = YES;
				CLANG_WARN__DUPLICATE_METHOD_MATCH = YES;
				"CODE_SIGN_IDENTITY[sdk=iphoneos*]" = "iPhone Developer";
				COPY_PHASE_STRIP = NO;
				DEBUG_INFORMATION_FORMAT = "dwarf-with-dsym";
				ENABLE_NS_ASSERTIONS = NO;
				ENABLE_STRICT_OBJC_MSGSEND = YES;
				GCC_C_LANGUAGE_STANDARD = gnu99;
				GCC_NO_COMMON_BLOCKS = YES;
				GCC_WARN_64_TO_32_BIT_CONVERSION = YES;
				GCC_WARN_ABOUT_RETURN_TYPE = YES_ERROR;
				GCC_WARN_UNDECLARED_SELECTOR = YES;
				GCC_WARN_UNINITIALIZED_AUTOS = YES_AGGRESSIVE;
				GCC_WARN_UNUSED_FUNCTION = YES;
				GCC_WARN_UNUSED_VARIABLE = YES;
				IPHONEOS_DEPLOYMENT_TARGET = 10.3;
				MTL_ENABLE_DEBUG_INFO = NO;
				SDKROOT = iphoneos;
				SWIFT_OPTIMIZATION_LEVEL = "-Owholemodule";
				TARGETED_DEVICE_FAMILY = "1,2";
				VALIDATE_PRODUCT = YES;
			};
			name = Release;
		};
		6044AFD81F68BCA30062158B /* Debug */ = {
			isa = XCBuildConfiguration;
			buildSettings = {
				ASSETCATALOG_COMPILER_APPICON_NAME = AppIcon;
				INFOPLIST_FILE = swiftTest/Info.plist;
				LD_RUNPATH_SEARCH_PATHS = "$(inherited) @executable_path/Frameworks";
				PRODUCT_BUNDLE_IDENTIFIER = jhvkjv.swiftTest;
				PRODUCT_NAME = "$(TARGET_NAME)";
				SWIFT_VERSION = 3.0;
			};
			name = Debug;
		};
		6044AFD91F68BCA30062158B /* Release */ = {
			isa = XCBuildConfiguration;
			buildSettings = {
				ASSETCATALOG_COMPILER_APPICON_NAME = AppIcon;
				INFOPLIST_FILE = swiftTest/Info.plist;
				LD_RUNPATH_SEARCH_PATHS = "$(inherited) @executable_path/Frameworks";
				PRODUCT_BUNDLE_IDENTIFIER = jhvkjv.swiftTest;
				PRODUCT_NAME = "$(TARGET_NAME)";
				SWIFT_VERSION = 3.0;
			};
			name = Release;
		};
		6044AFDB1F68BCA30062158B /* Debug */ = {
			isa = XCBuildConfiguration;
			buildSettings = {
				ALWAYS_EMBED_SWIFT_STANDARD_LIBRARIES = YES;
				BUNDLE_LOADER = "$(TEST_HOST)";
				INFOPLIST_FILE = swiftTestTests/Info.plist;
				LD_RUNPATH_SEARCH_PATHS = "$(inherited) @executable_path/Frameworks @loader_path/Frameworks";
				PRODUCT_BUNDLE_IDENTIFIER = jhvkjv.swiftTestTests;
				PRODUCT_NAME = "$(TARGET_NAME)";
				SWIFT_VERSION = 3.0;
				TEST_HOST = "$(BUILT_PRODUCTS_DIR)/swiftTest.app/swiftTest";
			};
			name = Debug;
		};
		6044AFDC1F68BCA30062158B /* Release */ = {
			isa = XCBuildConfiguration;
			buildSettings = {
				ALWAYS_EMBED_SWIFT_STANDARD_LIBRARIES = YES;
				BUNDLE_LOADER = "$(TEST_HOST)";
				INFOPLIST_FILE = swiftTestTests/Info.plist;
				LD_RUNPATH_SEARCH_PATHS = "$(inherited) @executable_path/Frameworks @loader_path/Frameworks";
				PRODUCT_BUNDLE_IDENTIFIER = jhvkjv.swiftTestTests;
				PRODUCT_NAME = "$(TARGET_NAME)";
				SWIFT_VERSION = 3.0;
				TEST_HOST = "$(BUILT_PRODUCTS_DIR)/swiftTest.app/swiftTest";
			};
			name = Release;
		};
		6044AFDE1F68BCA30062158B /* Debug */ = {
			isa = XCBuildConfiguration;
			buildSettings = {
				ALWAYS_EMBED_SWIFT_STANDARD_LIBRARIES = YES;
				INFOPLIST_FILE = swiftTestUITests/Info.plist;
				LD_RUNPATH_SEARCH_PATHS = "$(inherited) @executable_path/Frameworks @loader_path/Frameworks";
				PRODUCT_BUNDLE_IDENTIFIER = jhvkjv.swiftTestUITests;
				PRODUCT_NAME = "$(TARGET_NAME)";
				SWIFT_VERSION = 3.0;
				TEST_TARGET_NAME = swiftTest;
			};
			name = Debug;
		};
		6044AFDF1F68BCA30062158B /* Release */ = {
			isa = XCBuildConfiguration;
			buildSettings = {
				ALWAYS_EMBED_SWIFT_STANDARD_LIBRARIES = YES;
				INFOPLIST_FILE = swiftTestUITests/Info.plist;
				LD_RUNPATH_SEARCH_PATHS = "$(inherited) @executable_path/Frameworks @loader_path/Frameworks";
				PRODUCT_BUNDLE_IDENTIFIER = jhvkjv.swiftTestUITests;
				PRODUCT_NAME = "$(TARGET_NAME)";
				SWIFT_VERSION = 3.0;
				TEST_TARGET_NAME = swiftTest;
			};
			name = Release;
		};
/* End XCBuildConfiguration section */

/* Begin XCConfigurationList section */
		6044AFAA1F68BCA20062158B /* Build configuration list for PBXProject "swiftTest" */ = {
			isa = XCConfigurationList;
			buildConfigurations = (
				6044AFD51F68BCA30062158B /* Debug */,
				6044AFD61F68BCA30062158B /* Release */,
			);
			defaultConfigurationIsVisible = 0;
			defaultConfigurationName = Release;
		};
		6044AFD71F68BCA30062158B /* Build configuration list for PBXNativeTarget "swiftTest" */ = {
			isa = XCConfigurationList;
			buildConfigurations = (
				6044AFD81F68BCA30062158B /* Debug */,
				6044AFD91F68BCA30062158B /* Release */,
			);
			defaultConfigurationIsVisible = 0;
		};
		6044AFDA1F68BCA30062158B /* Build configuration list for PBXNativeTarget "swiftTestTests" */ = {
			isa = XCConfigurationList;
			buildConfigurations = (
				6044AFDB1F68BCA30062158B /* Debug */,
				6044AFDC1F68BCA30062158B /* Release */,
			);
			defaultConfigurationIsVisible = 0;
		};
		6044AFDD1F68BCA30062158B /* Build configuration list for PBXNativeTarget "swiftTestUITests" */ = {
			isa = XCConfigurationList;
			buildConfigurations = (
				6044AFDE1F68BCA30062158B /* Debug */,
				6044AFDF1F68BCA30062158B /* Release */,
			);
			defaultConfigurationIsVisible = 0;
		};
/* End XCConfigurationList section */
	};
	rootObject = 6044AFA71F68BCA20062158B /* Project object */;
}
